
Microsoft Visual Studio Solution File, Format Version 12.00
# Visual Studio Version 17
VisualStudioVersion = 17.8.34330.188
MinimumVisualStudioVersion = 10.0.40219.1
Project("{FAE04EC0-301F-11D3-BF4B-00C04F79EFBC}") = "Task 6 Numerical Intergration", "Task 6 Numerical Intergration.csproj", "{E6C2A36D-5939-4BA3-AB70-5405763149CF}"
EndProject
Global
	GlobalSection(SolutionConfigurationPlatforms) = preSolution
		Debug|Any CPU = Debug|Any CPU
		Release|Any CPU = Release|Any CPU
	EndGlobalSection
	GlobalSection(ProjectConfigurationPlatforms) = postSolution
		{E6C2A36D-5939-4BA3-AB70-5405763149CF}.Debug|Any CPU.ActiveCfg = Debug|Any CPU
		{E6C2A36D-5939-4BA3-AB70-5405763149CF}.Debug|Any CPU.Build.0 = Debug|Any CPU
		{E6C2A36D-5939-4BA3-AB70-5405763149CF}.Release|Any CPU.ActiveCfg = Release|Any CPU
		{E6C2A36D-5939-4BA3-AB70-5405763149CF}.Release|Any CPU.Build.0 = Release|Any CPU
	EndGlobalSection
	GlobalSection(SolutionProperties) = preSolution
		HideSolutionNode = FALSE
	EndGlobalSection
	GlobalSection(ExtensibilityGlobals) = postSolution
		SolutionGuid = {A3AF1193-4A79-4112-A82D-99B47F7363AE}
	EndGlobalSection
EndGlobal
